{
  "nodes": {
    "darwin": {
      "inputs": {
        "nixpkgs": [
          "nixpkgs"
        ]
      },
      "locked": {
        "lastModified": 1760721282,
        "narHash": "sha256-aAHphQbU9t/b2RRy2Eb8oMv+I08isXv2KUGFAFn7nCo=",
        "owner": "lnl7",
        "repo": "nix-darwin",
        "rev": "c3211fcd0c56c11ff110d346d4487b18f7365168",
        "type": "github"
      },
      "original": {
        "owner": "lnl7",
        "repo": "nix-darwin",
        "type": "github"
      }
    },
    "darwin-emacs": {
      "inputs": {
        "flake-utils": "flake-utils",
        "nixpkgs": [
          "nixpkgs"
        ]
      },
      "locked": {
        "lastModified": 1761013530,
        "narHash": "sha256-r4duHB2RwfRWogO56D2OZytUBRJBKJgSb1wiyhu0U3s=",
        "owner": "nix-giant",
        "repo": "nix-darwin-emacs",
        "rev": "56586f29eede4093c72b76ba6d43e9fc4c279590",
        "type": "github"
      },
      "original": {
        "owner": "nix-giant",
        "repo": "nix-darwin-emacs",
        "type": "github"
      }
    },
    "darwin-emacs-packages": {
      "inputs": {
        "nixpkgs": [
          "nixpkgs"
        ],
        "nixpkgs-stable": "nixpkgs-stable"
      },
      "locked": {
        "lastModified": 1761038066,
        "narHash": "sha256-pi2+CQ0IbkpY4JiR2GQtlH5vAShUuL39PHgAWVWp9Tk=",
        "owner": "nix-community",
        "repo": "emacs-overlay",
        "rev": "fec774c3dfeb3dd8ffddabfcbe4ae0e054202aa0",
        "type": "github"
      },
      "original": {
        "owner": "nix-community",
        "repo": "emacs-overlay",
        "type": "github"
      }
    },
    "elisp-helpers": {
      "inputs": {
        "fromElisp": "fromElisp"
      },
      "locked": {
        "lastModified": 1754989269,
        "narHash": "sha256-WNOlf4cEEUL+nfYHVXUPMuqzYJSWOOWGX2fZ9MR3zzo=",
        "owner": "emacs-twist",
        "repo": "elisp-helpers",
        "rev": "04ce2b5a88256d1c0573c94e93de6eb0700cd3a6",
        "type": "github"
      },
      "original": {
        "owner": "emacs-twist",
        "repo": "elisp-helpers",
        "type": "github"
      }
    },
    "elpa": {
      "flake": false,
      "locked": {
        "lastModified": 1759437110,
        "narHash": "sha256-uCc3easzETXqN5uRJzQxH/899+DwpAwOAxPO1/46ONw=",
        "owner": "elpa-mirrors",
        "repo": "elpa",
        "rev": "185fdb1c3a0536e1fbc483a4e3acbf9b22179d43",
        "type": "github"
      },
      "original": {
        "owner": "elpa-mirrors",
        "repo": "elpa",
        "type": "github"
      }
    },
    "emacs-config": {
      "inputs": {
        "elpa": "elpa",
        "emacs-overlay": "emacs-overlay",
        "flake-parts": "flake-parts",
        "melpa": "melpa",
        "nixpkgs": "nixpkgs",
        "nongnu-elpa": "nongnu-elpa",
        "org-babel": "org-babel",
        "twist": [
          "twist"
        ]
      },
      "locked": {
        "lastModified": 1759953968,
        "narHash": "sha256-cZz3MSlijDMGjOwqvdPAoWsXMjo/9+ZsugWehcIyK48=",
        "owner": "klchen0112",
        "repo": "emacs-config-package",
        "rev": "2307f76d842ab89e9f1ef3e7bb25a6d162e6d6b8",
        "type": "github"
      },
      "original": {
        "owner": "klchen0112",
        "repo": "emacs-config-package",
        "type": "github"
      }
    },
    "emacs-overlay": {
      "inputs": {
        "nixpkgs": [
          "emacs-config",
          "nixpkgs"
        ],
        "nixpkgs-stable": [
          "emacs-config",
          "nixpkgs"
        ]
      },
      "locked": {
        "lastModified": 1758504501,
        "narHash": "sha256-xg8fVogl3HivVNJufmq/9RZFoIou36rDBWCji1GH34I=",
        "owner": "nix-community",
        "repo": "emacs-overlay",
        "rev": "e88a8c1edf089b1a31378cf48f7ca3854950dc2a",
        "type": "github"
      },
      "original": {
        "owner": "nix-community",
        "repo": "emacs-overlay",
        "type": "github"
      }
    },
    "flake-parts": {
      "inputs": {
        "nixpkgs-lib": [
          "emacs-config",
          "nixpkgs"
        ]
      },
      "locked": {
        "lastModified": 1756770412,
        "narHash": "sha256-+uWLQZccFHwqpGqr2Yt5VsW/PbeJVTn9Dk6SHWhNRPw=",
        "owner": "hercules-ci",
        "repo": "flake-parts",
        "rev": "4524271976b625a4a605beefd893f270620fd751",
        "type": "github"
      },
      "original": {
        "owner": "hercules-ci",
        "repo": "flake-parts",
        "type": "github"
      }
    },
    "flake-utils": {
      "inputs": {
        "systems": "systems"
      },
      "locked": {
        "lastModified": 1685518550,
        "narHash": "sha256-o2d0KcvaXzTrPRIo0kOLV0/QXHhDQ5DTi+OxcjO8xqY=",
        "owner": "numtide",
        "repo": "flake-utils",
        "rev": "a1720a10a6cfe8234c0e93907ffe81be440f4cef",
        "type": "github"
      },
      "original": {
        "owner": "numtide",
        "repo": "flake-utils",
        "type": "github"
      }
    },
    "fromElisp": {
      "flake": false,
      "locked": {
        "lastModified": 1723987997,
        "narHash": "sha256-OhaVgTG6zjLByzl+uPTvtCld3p2uqgbCXmOl/s3LVRo=",
        "owner": "talyz",
        "repo": "fromElisp",
        "rev": "f071a0e262c02c0895b575c4e322b7fd90713543",
        "type": "github"
      },
      "original": {
        "owner": "talyz",
        "repo": "fromElisp",
        "type": "github"
      }
    },
    "home-manager": {
      "inputs": {
        "nixpkgs": [
          "nixpkgs"
        ]
      },
      "locked": {
        "lastModified": 1761005073,
        "narHash": "sha256-r6qbieh8iC1q1eCaWv15f4UIp8SeGffwswhNSA1Qk3s=",
        "owner": "nix-community",
        "repo": "home-manager",
        "rev": "84e1adb0cdd13f5f29886091c7234365e12b1e7f",
        "type": "github"
      },
      "original": {
        "owner": "nix-community",
        "repo": "home-manager",
        "type": "github"
      }
    },
    "melpa": {
      "flake": false,
      "locked": {
        "lastModified": 1758477581,
        "narHash": "sha256-5CHSEqEppwMcqFnAbH6pI5R4DAHllufKo5WLQepxzoY=",
        "owner": "melpa",
        "repo": "melpa",
        "rev": "7c2dfce4661935ac21a451fa9a31c8f9e52e5ff4",
        "type": "github"
      },
      "original": {
        "owner": "melpa",
        "repo": "melpa",
        "type": "github"
      }
    },
    "nixpkgs": {
      "locked": {
        "lastModified": 1758458879,
        "narHash": "sha256-GUIbG3Kr+lxDbTliZgmx3mvSXq8N/uSenaqG0Xzf6EE=",
        "owner": "NixOS",
        "repo": "nixpkgs",
        "rev": "9d8c0d262306c08ec4b0def2f33fdd1e3f8b095d",
        "type": "github"
      },
      "original": {
        "owner": "NixOS",
        "ref": "nixos-unstable-small",
        "repo": "nixpkgs",
        "type": "github"
      }
    },
    "nixpkgs-stable": {
      "locked": {
        "lastModified": 1760862643,
        "narHash": "sha256-PXwG0TM7Ek87DNx4LbGWuD93PbFeKAJs4FfALtp7Wo0=",
        "owner": "NixOS",
        "repo": "nixpkgs",
        "rev": "33c6dca0c0cb31d6addcd34e90a63ad61826b28c",
        "type": "github"
      },
      "original": {
        "owner": "NixOS",
        "ref": "nixos-25.05",
        "repo": "nixpkgs",
        "type": "github"
      }
    },
    "nixpkgs_2": {
      "locked": {
        "lastModified": 1760965567,
        "narHash": "sha256-0JDOal5P7xzzAibvD0yTE3ptyvoVOAL0rcELmDdtSKg=",
        "owner": "NixOS",
        "repo": "nixpkgs",
        "rev": "cb82756ecc37fa623f8cf3e88854f9bf7f64af93",
        "type": "github"
      },
      "original": {
        "owner": "NixOS",
        "ref": "nixpkgs-unstable",
        "repo": "nixpkgs",
        "type": "github"
      }
    },
    "nongnu-elpa": {
      "flake": false,
      "locked": {
        "lastModified": 1756987037,
        "narHash": "sha256-BLBFT8ELt9fWrdXtC24oEubA/52ZicWmFLLwXBsY3Nw=",
        "owner": "elpa-mirrors",
        "repo": "nongnu",
        "rev": "f5b312b749043106a17f388ea3d153239b9bd541",
        "type": "github"
      },
      "original": {
        "owner": "elpa-mirrors",
        "repo": "nongnu",
        "type": "github"
      }
    },
    "org-babel": {
      "locked": {
        "lastModified": 1731256202,
        "narHash": "sha256-xtV0vIUhl3ZUzaUIHSaiWpybxyCgQ9Yp/MUGo3f5zvM=",
        "owner": "emacs-twist",
        "repo": "org-babel",
        "rev": "a5d16c54aca35c07af59d216cda598163512db42",
        "type": "github"
      },
      "original": {
        "owner": "emacs-twist",
        "repo": "org-babel",
        "type": "github"
      }
    },
    "root": {
      "inputs": {
        "darwin": "darwin",
        "darwin-emacs": "darwin-emacs",
        "darwin-emacs-packages": "darwin-emacs-packages",
        "emacs-config": "emacs-config",
        "home-manager": "home-manager",
        "nixpkgs": "nixpkgs_2",
        "twist": "twist"
      }
    },
    "systems": {
      "locked": {
        "lastModified": 1681028828,
        "narHash": "sha256-Vy1rq5AaRuLzOxct8nz4T6wlgyUR7zLU309k9mBC768=",
        "owner": "nix-systems",
        "repo": "default",
        "rev": "da67096a3b9bf56a91d16901293e51ba5b49a27e",
        "type": "github"
      },
      "original": {
        "owner": "nix-systems",
        "repo": "default",
        "type": "github"
      }
    },
    "twist": {
      "inputs": {
        "elisp-helpers": "elisp-helpers"
      },
      "locked": {
        "lastModified": 1759460592,
        "narHash": "sha256-HpX25DafWkANa5IMM7lnzewP7lnvRNVeNnCjST8HhkA=",
        "owner": "emacs-twist",
        "repo": "twist.nix",
        "rev": "4ec7d75f0c5a2133bfdf69c0e55a142935ae3898",
        "type": "github"
      },
      "original": {
        "owner": "emacs-twist",
        "repo": "twist.nix",
        "type": "github"
      }
    }
  },
  "root": "root",
  "version": 7
}
